
Microsoft Visual Studio Solution File, Format Version 12.00
# Visual Studio Version 16
VisualStudioVersion = 16.0.30011.22
MinimumVisualStudioVersion = 10.0.40219.1
Project("{FAE04EC0-301F-11D3-BF4B-00C04F79EFBC}") = "HashingFunction", "HashingFunction\HashingFunction.csproj", "{D98E8ABF-3639-419D-B421-52A2329A9943}"
EndProject
Project("{FAE04EC0-301F-11D3-BF4B-00C04F79EFBC}") = "HashingFunctionTest", "HashingFunctionTest\HashingFunctionTest.csproj", "{189783A6-F261-4DEE-A73E-250A3060A693}"
EndProject
Global
	GlobalSection(SolutionConfigurationPlatforms) = preSolution
		Debug|Any CPU = Debug|Any CPU
		Release|Any CPU = Release|Any CPU
	EndGlobalSection
	GlobalSection(ProjectConfigurationPlatforms) = postSolution
		{D98E8ABF-3639-419D-B421-52A2329A9943}.Debug|Any CPU.ActiveCfg = Debug|Any CPU
		{D98E8ABF-3639-419D-B421-52A2329A9943}.Debug|Any CPU.Build.0 = Debug|Any CPU
		{D98E8ABF-3639-419D-B421-52A2329A9943}.Release|Any CPU.ActiveCfg = Release|Any CPU
		{D98E8ABF-3639-419D-B421-52A2329A9943}.Release|Any CPU.Build.0 = Release|Any CPU
		{189783A6-F261-4DEE-A73E-250A3060A693}.Debug|Any CPU.ActiveCfg = Debug|Any CPU
		{189783A6-F261-4DEE-A73E-250A3060A693}.Debug|Any CPU.Build.0 = Debug|Any CPU
		{189783A6-F261-4DEE-A73E-250A3060A693}.Release|Any CPU.ActiveCfg = Release|Any CPU
		{189783A6-F261-4DEE-A73E-250A3060A693}.Release|Any CPU.Build.0 = Release|Any CPU
	EndGlobalSection
	GlobalSection(SolutionProperties) = preSolution
		HideSolutionNode = FALSE
	EndGlobalSection
	GlobalSection(ExtensibilityGlobals) = postSolution
		SolutionGuid = {A6664711-F442-4DD8-9AAE-DB88869E303F}
	EndGlobalSection
EndGlobal
